
Microsoft Visual Studio Solution File, Format Version 12.00
# Visual Studio 15
VisualStudioVersion = 15.0.28307.421
MinimumVisualStudioVersion = 10.0.40219.1
Project("{8BC9CEB8-8B4A-11D0-8D11-00A0C91BC942}") = "Lab2", "Lab2\Lab2.vcxproj", "{D95394AC-D346-49AE-B2CC-A25D16D427FC}"
EndProject
Global
	GlobalSection(SolutionConfigurationPlatforms) = preSolution
		Debug|x64 = Debug|x64
		Debug|x86 = Debug|x86
		Release|x64 = Release|x64
		Release|x86 = Release|x86
	EndGlobalSection
	GlobalSection(ProjectConfigurationPlatforms) = postSolution
		{D95394AC-D346-49AE-B2CC-A25D16D427FC}.Debug|x64.ActiveCfg = Debug|x64
		{D95394AC-D346-49AE-B2CC-A25D16D427FC}.Debug|x64.Build.0 = Debug|x64
		{D95394AC-D346-49AE-B2CC-A25D16D427FC}.Debug|x86.ActiveCfg = Debug|Win32
		{D95394AC-D346-49AE-B2CC-A25D16D427FC}.Debug|x86.Build.0 = Debug|Win32
		{D95394AC-D346-49AE-B2CC-A25D16D427FC}.Release|x64.ActiveCfg = Release|x64
		{D95394AC-D346-49AE-B2CC-A25D16D427FC}.Release|x64.Build.0 = Release|x64
		{D95394AC-D346-49AE-B2CC-A25D16D427FC}.Release|x86.ActiveCfg = Release|Win32
		{D95394AC-D346-49AE-B2CC-A25D16D427FC}.Release|x86.Build.0 = Release|Win32
	EndGlobalSection
	GlobalSection(SolutionProperties) = preSolution
		HideSolutionNode = FALSE
	EndGlobalSection
	GlobalSection(ExtensibilityGlobals) = postSolution
		SolutionGuid = {DD6D82E6-924C-4A0F-8CD9-C35BD47CD02C}
	EndGlobalSection
EndGlobal
